
Microsoft Visual Studio Solution File, Format Version 12.00
# Visual Studio 15
Project("{FAE04EC0-301F-11D3-BF4B-00C04F79EFBC}") = "Assembly-CSharp", "Assembly-CSharp.csproj", "{313B696C-048C-18D8-6B4A-232A81C54312}"
EndProject
Global
	GlobalSection(SolutionConfigurationPlatforms) = preSolution
		Debug|Any CPU = Debug|Any CPU
		Release|Any CPU = Release|Any CPU
	EndGlobalSection
	GlobalSection(ProjectConfigurationPlatforms) = postSolution
		{313B696C-048C-18D8-6B4A-232A81C54312}.Debug|Any CPU.ActiveCfg = Debug|Any CPU
		{313B696C-048C-18D8-6B4A-232A81C54312}.Debug|Any CPU.Build.0 = Debug|Any CPU
		{313B696C-048C-18D8-6B4A-232A81C54312}.Release|Any CPU.ActiveCfg = Release|Any CPU
		{313B696C-048C-18D8-6B4A-232A81C54312}.Release|Any CPU.Build.0 = Release|Any CPU
	EndGlobalSection
	GlobalSection(SolutionProperties) = preSolution
		HideSolutionNode = FALSE
	EndGlobalSection
EndGlobal
